
Microsoft Visual Studio Solution File, Format Version 12.00
# Visual Studio Version 17
VisualStudioVersion = 17.10.35201.131
MinimumVisualStudioVersion = 10.0.40219.1
Project("{FAE04EC0-301F-11D3-BF4B-00C04F79EFBC}") = "EmailApplication", "EmailApplication\EmailApplication.csproj", "{D0D1F65D-5587-40DD-BE2A-B4CA55C845AE}"
EndProject
Global
	GlobalSection(SolutionConfigurationPlatforms) = preSolution
		Debug|Any CPU = Debug|Any CPU
		Release|Any CPU = Release|Any CPU
	EndGlobalSection
	GlobalSection(ProjectConfigurationPlatforms) = postSolution
		{D0D1F65D-5587-40DD-BE2A-B4CA55C845AE}.Debug|Any CPU.ActiveCfg = Debug|Any CPU
		{D0D1F65D-5587-40DD-BE2A-B4CA55C845AE}.Debug|Any CPU.Build.0 = Debug|Any CPU
		{D0D1F65D-5587-40DD-BE2A-B4CA55C845AE}.Release|Any CPU.ActiveCfg = Release|Any CPU
		{D0D1F65D-5587-40DD-BE2A-B4CA55C845AE}.Release|Any CPU.Build.0 = Release|Any CPU
	EndGlobalSection
	GlobalSection(SolutionProperties) = preSolution
		HideSolutionNode = FALSE
	EndGlobalSection
	GlobalSection(ExtensibilityGlobals) = postSolution
		SolutionGuid = {DA240247-4238-4EC6-B15E-28F81EE3BCCA}
	EndGlobalSection
EndGlobal
